
Microsoft Visual Studio Solution File, Format Version 12.00
# Visual Studio Version 17
VisualStudioVersion = 17.14.36717.8 d17.14
MinimumVisualStudioVersion = 10.0.40219.1
Project("{FAE04EC0-301F-11D3-BF4B-00C04F79EFBC}") = "DragAndDrop", "DragAndDrop\DragAndDrop.csproj", "{CBFDAC84-E86D-4D47-947A-F18E41042D04}"
EndProject
Project("{FAE04EC0-301F-11D3-BF4B-00C04F79EFBC}") = "Scroll", "Scroll\Scroll.csproj", "{83CBC593-ACA4-490B-9D7C-2907C8FB98BB}"
EndProject
Project("{FAE04EC0-301F-11D3-BF4B-00C04F79EFBC}") = "Swipe", "Swipe\Swipe.csproj", "{6D6CCC62-7893-46FD-95DF-4692F7B5C591}"
EndProject
Project("{FAE04EC0-301F-11D3-BF4B-00C04F79EFBC}") = "SeekBar", "SeekBar\SeekBar.csproj", "{1F33DBCD-91AF-4C7A-B551-785175A2370F}"
EndProject
Project("{FAE04EC0-301F-11D3-BF4B-00C04F79EFBC}") = "Zoom", "Zoom\Zoom.csproj", "{684E7204-6E3E-462C-8A36-FC69A8DCA094}"
EndProject
Global
	GlobalSection(SolutionConfigurationPlatforms) = preSolution
		Debug|Any CPU = Debug|Any CPU
		Release|Any CPU = Release|Any CPU
	EndGlobalSection
	GlobalSection(ProjectConfigurationPlatforms) = postSolution
		{CBFDAC84-E86D-4D47-947A-F18E41042D04}.Debug|Any CPU.ActiveCfg = Debug|Any CPU
		{CBFDAC84-E86D-4D47-947A-F18E41042D04}.Debug|Any CPU.Build.0 = Debug|Any CPU
		{CBFDAC84-E86D-4D47-947A-F18E41042D04}.Release|Any CPU.ActiveCfg = Release|Any CPU
		{CBFDAC84-E86D-4D47-947A-F18E41042D04}.Release|Any CPU.Build.0 = Release|Any CPU
		{83CBC593-ACA4-490B-9D7C-2907C8FB98BB}.Debug|Any CPU.ActiveCfg = Debug|Any CPU
		{83CBC593-ACA4-490B-9D7C-2907C8FB98BB}.Debug|Any CPU.Build.0 = Debug|Any CPU
		{83CBC593-ACA4-490B-9D7C-2907C8FB98BB}.Release|Any CPU.ActiveCfg = Release|Any CPU
		{83CBC593-ACA4-490B-9D7C-2907C8FB98BB}.Release|Any CPU.Build.0 = Release|Any CPU
		{6D6CCC62-7893-46FD-95DF-4692F7B5C591}.Debug|Any CPU.ActiveCfg = Debug|Any CPU
		{6D6CCC62-7893-46FD-95DF-4692F7B5C591}.Debug|Any CPU.Build.0 = Debug|Any CPU
		{6D6CCC62-7893-46FD-95DF-4692F7B5C591}.Release|Any CPU.ActiveCfg = Release|Any CPU
		{6D6CCC62-7893-46FD-95DF-4692F7B5C591}.Release|Any CPU.Build.0 = Release|Any CPU
		{1F33DBCD-91AF-4C7A-B551-785175A2370F}.Debug|Any CPU.ActiveCfg = Debug|Any CPU
		{1F33DBCD-91AF-4C7A-B551-785175A2370F}.Debug|Any CPU.Build.0 = Debug|Any CPU
		{1F33DBCD-91AF-4C7A-B551-785175A2370F}.Release|Any CPU.ActiveCfg = Release|Any CPU
		{1F33DBCD-91AF-4C7A-B551-785175A2370F}.Release|Any CPU.Build.0 = Release|Any CPU
		{684E7204-6E3E-462C-8A36-FC69A8DCA094}.Debug|Any CPU.ActiveCfg = Debug|Any CPU
		{684E7204-6E3E-462C-8A36-FC69A8DCA094}.Debug|Any CPU.Build.0 = Debug|Any CPU
		{684E7204-6E3E-462C-8A36-FC69A8DCA094}.Release|Any CPU.ActiveCfg = Release|Any CPU
		{684E7204-6E3E-462C-8A36-FC69A8DCA094}.Release|Any CPU.Build.0 = Release|Any CPU
	EndGlobalSection
	GlobalSection(SolutionProperties) = preSolution
		HideSolutionNode = FALSE
	EndGlobalSection
	GlobalSection(ExtensibilityGlobals) = postSolution
		SolutionGuid = {43B153A1-E4E6-41B5-BEC3-77B8B218F6D0}
	EndGlobalSection
EndGlobal
